
Microsoft Visual Studio Solution File, Format Version 12.00
# Visual Studio Version 17
VisualStudioVersion = 17.5.33627.172
MinimumVisualStudioVersion = 10.0.40219.1
Project("{FAE04EC0-301F-11D3-BF4B-00C04F79EFBC}") = "DeviceDetectionApi", "DeviceDetectionApi\DeviceDetectionApi.csproj", "{08699F65-828A-44ED-9E94-0687959EB485}"
EndProject
Global
	GlobalSection(SolutionConfigurationPlatforms) = preSolution
		Debug|Any CPU = Debug|Any CPU
		Release|Any CPU = Release|Any CPU
	EndGlobalSection
	GlobalSection(ProjectConfigurationPlatforms) = postSolution
		{08699F65-828A-44ED-9E94-0687959EB485}.Debug|Any CPU.ActiveCfg = Debug|Any CPU
		{08699F65-828A-44ED-9E94-0687959EB485}.Debug|Any CPU.Build.0 = Debug|Any CPU
		{08699F65-828A-44ED-9E94-0687959EB485}.Release|Any CPU.ActiveCfg = Release|Any CPU
		{08699F65-828A-44ED-9E94-0687959EB485}.Release|Any CPU.Build.0 = Release|Any CPU
	EndGlobalSection
	GlobalSection(SolutionProperties) = preSolution
		HideSolutionNode = FALSE
	EndGlobalSection
	GlobalSection(ExtensibilityGlobals) = postSolution
		SolutionGuid = {FD40503C-8088-4998-9CC8-36B4B5BA6AF0}
	EndGlobalSection
EndGlobal
